
Microsoft Visual Studio Solution File, Format Version 12.00
# Visual Studio Version 17
VisualStudioVersion = 17.1.32407.343
MinimumVisualStudioVersion = 10.0.40219.1
Project("{FAE04EC0-301F-11D3-BF4B-00C04F79EFBC}") = "Demo Problem", "Demo Problem\Demo Problem.csproj", "{A8E5660A-912D-4D84-B717-8A9BA46C3FEC}"
EndProject
Global
	GlobalSection(SolutionConfigurationPlatforms) = preSolution
		Debug|Any CPU = Debug|Any CPU
		Release|Any CPU = Release|Any CPU
	EndGlobalSection
	GlobalSection(ProjectConfigurationPlatforms) = postSolution
		{A8E5660A-912D-4D84-B717-8A9BA46C3FEC}.Debug|Any CPU.ActiveCfg = Debug|Any CPU
		{A8E5660A-912D-4D84-B717-8A9BA46C3FEC}.Debug|Any CPU.Build.0 = Debug|Any CPU
		{A8E5660A-912D-4D84-B717-8A9BA46C3FEC}.Release|Any CPU.ActiveCfg = Release|Any CPU
		{A8E5660A-912D-4D84-B717-8A9BA46C3FEC}.Release|Any CPU.Build.0 = Release|Any CPU
	EndGlobalSection
	GlobalSection(SolutionProperties) = preSolution
		HideSolutionNode = FALSE
	EndGlobalSection
	GlobalSection(ExtensibilityGlobals) = postSolution
		SolutionGuid = {B20E872E-1901-4DA7-ABDE-DF47ADBFA6F5}
	EndGlobalSection
EndGlobal
